
Microsoft Visual Studio Solution File, Format Version 12.00
# Visual Studio Version 16
VisualStudioVersion = 16.0.29613.14
MinimumVisualStudioVersion = 10.0.40219.1
Project("{FAE04EC0-301F-11D3-BF4B-00C04F79EFBC}") = "App_5_3", "App_5_3\App_5_3.csproj", "{F539DFAF-B60F-4A89-BDB0-39A87315821B}"
EndProject
Global
	GlobalSection(SolutionConfigurationPlatforms) = preSolution
		Debug|Any CPU = Debug|Any CPU
		Release|Any CPU = Release|Any CPU
	EndGlobalSection
	GlobalSection(ProjectConfigurationPlatforms) = postSolution
		{F539DFAF-B60F-4A89-BDB0-39A87315821B}.Debug|Any CPU.ActiveCfg = Debug|Any CPU
		{F539DFAF-B60F-4A89-BDB0-39A87315821B}.Debug|Any CPU.Build.0 = Debug|Any CPU
		{F539DFAF-B60F-4A89-BDB0-39A87315821B}.Release|Any CPU.ActiveCfg = Release|Any CPU
		{F539DFAF-B60F-4A89-BDB0-39A87315821B}.Release|Any CPU.Build.0 = Release|Any CPU
	EndGlobalSection
	GlobalSection(SolutionProperties) = preSolution
		HideSolutionNode = FALSE
	EndGlobalSection
	GlobalSection(ExtensibilityGlobals) = postSolution
		SolutionGuid = {DCF6A658-908C-416B-9AE2-E7156A43DD87}
	EndGlobalSection
EndGlobal
