
Microsoft Visual Studio Solution File, Format Version 12.00
# Visual Studio Version 16
VisualStudioVersion = 16.0.29613.14
MinimumVisualStudioVersion = 10.0.40219.1
Project("{FAE04EC0-301F-11D3-BF4B-00C04F79EFBC}") = "App_7_1", "App_7_1\App_7_1.csproj", "{766D8907-A6E7-487A-9273-A206B842864B}"
EndProject
Global
	GlobalSection(SolutionConfigurationPlatforms) = preSolution
		Debug|Any CPU = Debug|Any CPU
		Release|Any CPU = Release|Any CPU
	EndGlobalSection
	GlobalSection(ProjectConfigurationPlatforms) = postSolution
		{766D8907-A6E7-487A-9273-A206B842864B}.Debug|Any CPU.ActiveCfg = Debug|Any CPU
		{766D8907-A6E7-487A-9273-A206B842864B}.Debug|Any CPU.Build.0 = Debug|Any CPU
		{766D8907-A6E7-487A-9273-A206B842864B}.Release|Any CPU.ActiveCfg = Release|Any CPU
		{766D8907-A6E7-487A-9273-A206B842864B}.Release|Any CPU.Build.0 = Release|Any CPU
	EndGlobalSection
	GlobalSection(SolutionProperties) = preSolution
		HideSolutionNode = FALSE
	EndGlobalSection
	GlobalSection(ExtensibilityGlobals) = postSolution
		SolutionGuid = {F4B66CFD-DB1A-4FF9-A524-9062F2D476AD}
	EndGlobalSection
EndGlobal
