
Microsoft Visual Studio Solution File, Format Version 12.00
# Visual Studio Version 16
VisualStudioVersion = 16.0.29920.165
MinimumVisualStudioVersion = 10.0.40219.1
Project("{FAE04EC0-301F-11D3-BF4B-00C04F79EFBC}") = "Project", "Project\Project.csproj", "{53591D00-8ECD-4E61-BD5C-31DA8B1E2803}"
EndProject
Global
	GlobalSection(SolutionConfigurationPlatforms) = preSolution
		Debug|Any CPU = Debug|Any CPU
		Release|Any CPU = Release|Any CPU
	EndGlobalSection
	GlobalSection(ProjectConfigurationPlatforms) = postSolution
		{53591D00-8ECD-4E61-BD5C-31DA8B1E2803}.Debug|Any CPU.ActiveCfg = Debug|Any CPU
		{53591D00-8ECD-4E61-BD5C-31DA8B1E2803}.Debug|Any CPU.Build.0 = Debug|Any CPU
		{53591D00-8ECD-4E61-BD5C-31DA8B1E2803}.Release|Any CPU.ActiveCfg = Release|Any CPU
		{53591D00-8ECD-4E61-BD5C-31DA8B1E2803}.Release|Any CPU.Build.0 = Release|Any CPU
	EndGlobalSection
	GlobalSection(SolutionProperties) = preSolution
		HideSolutionNode = FALSE
	EndGlobalSection
	GlobalSection(ExtensibilityGlobals) = postSolution
		SolutionGuid = {6BE4BA20-DE80-4C7B-B79E-B81CD46C93A8}
	EndGlobalSection
EndGlobal
