
Microsoft Visual Studio Solution File, Format Version 12.00
# Visual Studio Version 16
VisualStudioVersion = 16.0.29613.14
MinimumVisualStudioVersion = 10.0.40219.1
Project("{FAE04EC0-301F-11D3-BF4B-00C04F79EFBC}") = "App_7_2", "App_7_2\App_7_2.csproj", "{C27AE679-EE44-453D-A9B0-36997BD31374}"
EndProject
Global
	GlobalSection(SolutionConfigurationPlatforms) = preSolution
		Debug|Any CPU = Debug|Any CPU
		Release|Any CPU = Release|Any CPU
	EndGlobalSection
	GlobalSection(ProjectConfigurationPlatforms) = postSolution
		{C27AE679-EE44-453D-A9B0-36997BD31374}.Debug|Any CPU.ActiveCfg = Debug|Any CPU
		{C27AE679-EE44-453D-A9B0-36997BD31374}.Debug|Any CPU.Build.0 = Debug|Any CPU
		{C27AE679-EE44-453D-A9B0-36997BD31374}.Release|Any CPU.ActiveCfg = Release|Any CPU
		{C27AE679-EE44-453D-A9B0-36997BD31374}.Release|Any CPU.Build.0 = Release|Any CPU
	EndGlobalSection
	GlobalSection(SolutionProperties) = preSolution
		HideSolutionNode = FALSE
	EndGlobalSection
	GlobalSection(ExtensibilityGlobals) = postSolution
		SolutionGuid = {5D3873C7-EE35-4096-B5FB-AA0FC1227822}
	EndGlobalSection
EndGlobal
