
Microsoft Visual Studio Solution File, Format Version 12.00
# Visual Studio Version 16
VisualStudioVersion = 16.0.29613.14
MinimumVisualStudioVersion = 10.0.40219.1
Project("{FAE04EC0-301F-11D3-BF4B-00C04F79EFBC}") = "App_11_2", "..\..\11\2\App_11_2\App_11_2\App_11_2.csproj", "{8E0295DE-02E1-44C3-BCDC-FD03A3853970}"
EndProject
Global
	GlobalSection(SolutionConfigurationPlatforms) = preSolution
		Debug|Any CPU = Debug|Any CPU
		Release|Any CPU = Release|Any CPU
	EndGlobalSection
	GlobalSection(ProjectConfigurationPlatforms) = postSolution
		{8E0295DE-02E1-44C3-BCDC-FD03A3853970}.Debug|Any CPU.ActiveCfg = Debug|Any CPU
		{8E0295DE-02E1-44C3-BCDC-FD03A3853970}.Debug|Any CPU.Build.0 = Debug|Any CPU
		{8E0295DE-02E1-44C3-BCDC-FD03A3853970}.Release|Any CPU.ActiveCfg = Release|Any CPU
		{8E0295DE-02E1-44C3-BCDC-FD03A3853970}.Release|Any CPU.Build.0 = Release|Any CPU
	EndGlobalSection
	GlobalSection(SolutionProperties) = preSolution
		HideSolutionNode = FALSE
	EndGlobalSection
	GlobalSection(ExtensibilityGlobals) = postSolution
		SolutionGuid = {60D188EF-54BF-4D47-BDA7-7DFBC5007DC7}
	EndGlobalSection
EndGlobal
